
Microsoft Visual Studio Solution File, Format Version 12.00
# Visual Studio Version 16
VisualStudioVersion = 16.0.30406.217
MinimumVisualStudioVersion = 10.0.40219.1
Project("{FAE04EC0-301F-11D3-BF4B-00C04F79EFBC}") = "Reg_reader", "Reg_reader\Reg_reader.csproj", "{D6F3A0C6-0740-423B-8507-ABE1E5894D19}"
EndProject
Global
	GlobalSection(SolutionConfigurationPlatforms) = preSolution
		Debug|Any CPU = Debug|Any CPU
		Release|Any CPU = Release|Any CPU
	EndGlobalSection
	GlobalSection(ProjectConfigurationPlatforms) = postSolution
		{D6F3A0C6-0740-423B-8507-ABE1E5894D19}.Debug|Any CPU.ActiveCfg = Debug|Any CPU
		{D6F3A0C6-0740-423B-8507-ABE1E5894D19}.Debug|Any CPU.Build.0 = Debug|Any CPU
		{D6F3A0C6-0740-423B-8507-ABE1E5894D19}.Release|Any CPU.ActiveCfg = Release|Any CPU
		{D6F3A0C6-0740-423B-8507-ABE1E5894D19}.Release|Any CPU.Build.0 = Release|Any CPU
	EndGlobalSection
	GlobalSection(SolutionProperties) = preSolution
		HideSolutionNode = FALSE
	EndGlobalSection
	GlobalSection(ExtensibilityGlobals) = postSolution
		SolutionGuid = {C47853E4-E25A-4A4F-9334-A89C62ABFBAE}
	EndGlobalSection
EndGlobal
